
Microsoft Visual Studio Solution File, Format Version 12.00
# Visual Studio Version 17
VisualStudioVersion = 17.9.34622.214
MinimumVisualStudioVersion = 10.0.40219.1
Project("{9A19103F-16F7-4668-BE54-9A1E7A4F7556}") = "MVCStudentApp", "MVCStudentApp\MVCStudentApp.csproj", "{65221E28-F735-4561-B25C-818E470730EF}"
EndProject
Project("{9A19103F-16F7-4668-BE54-9A1E7A4F7556}") = "FTB", "FTB\FTB.csproj", "{AB3B91A2-88AF-4523-B706-540BD1DD0474}"
EndProject
Project("{FAE04EC0-301F-11D3-BF4B-00C04F79EFBC}") = "Eterna", "Eterna\Eterna.csproj", "{AFEEAB87-F12C-44EE-9128-98787A96B7DE}"
EndProject
Global
	GlobalSection(SolutionConfigurationPlatforms) = preSolution
		Debug|Any CPU = Debug|Any CPU
		Release|Any CPU = Release|Any CPU
	EndGlobalSection
	GlobalSection(ProjectConfigurationPlatforms) = postSolution
		{65221E28-F735-4561-B25C-818E470730EF}.Debug|Any CPU.ActiveCfg = Debug|Any CPU
		{65221E28-F735-4561-B25C-818E470730EF}.Debug|Any CPU.Build.0 = Debug|Any CPU
		{65221E28-F735-4561-B25C-818E470730EF}.Release|Any CPU.ActiveCfg = Release|Any CPU
		{65221E28-F735-4561-B25C-818E470730EF}.Release|Any CPU.Build.0 = Release|Any CPU
		{AB3B91A2-88AF-4523-B706-540BD1DD0474}.Debug|Any CPU.ActiveCfg = Debug|Any CPU
		{AB3B91A2-88AF-4523-B706-540BD1DD0474}.Debug|Any CPU.Build.0 = Debug|Any CPU
		{AB3B91A2-88AF-4523-B706-540BD1DD0474}.Release|Any CPU.ActiveCfg = Release|Any CPU
		{AB3B91A2-88AF-4523-B706-540BD1DD0474}.Release|Any CPU.Build.0 = Release|Any CPU
		{AFEEAB87-F12C-44EE-9128-98787A96B7DE}.Debug|Any CPU.ActiveCfg = Debug|Any CPU
		{AFEEAB87-F12C-44EE-9128-98787A96B7DE}.Debug|Any CPU.Build.0 = Debug|Any CPU
		{AFEEAB87-F12C-44EE-9128-98787A96B7DE}.Release|Any CPU.ActiveCfg = Release|Any CPU
		{AFEEAB87-F12C-44EE-9128-98787A96B7DE}.Release|Any CPU.Build.0 = Release|Any CPU
	EndGlobalSection
	GlobalSection(SolutionProperties) = preSolution
		HideSolutionNode = FALSE
	EndGlobalSection
	GlobalSection(ExtensibilityGlobals) = postSolution
		SolutionGuid = {81A9FBDE-0969-49D3-81ED-688D16BED33E}
	EndGlobalSection
EndGlobal
